
Microsoft Visual Studio Solution File, Format Version 12.00
# Visual Studio Version 16
VisualStudioVersion = 16.0.31112.23
MinimumVisualStudioVersion = 10.0.40219.1
Project("{FAE04EC0-301F-11D3-BF4B-00C04F79EFBC}") = "ClassLibrary", "ClassLibrary\ClassLibrary.csproj", "{12E44F91-0755-4473-B2B9-956CC582B856}"
EndProject
Project("{FAE04EC0-301F-11D3-BF4B-00C04F79EFBC}") = "ClassLibrary.Test", "ClassLibrary.Test\ClassLibrary.Test.csproj", "{65029481-2C50-424E-8589-AF78AE888A01}"
EndProject
Project("{FAE04EC0-301F-11D3-BF4B-00C04F79EFBC}") = "WebAPI", "WebAPI\WebAPI.csproj", "{5B053439-F30A-4790-8C0B-6995888D5F8E}"
EndProject
Project("{FAE04EC0-301F-11D3-BF4B-00C04F79EFBC}") = "Models", "Models\Models.csproj", "{6342AE08-3000-409D-8EA0-9138C3491F71}"
EndProject
Project("{FAE04EC0-301F-11D3-BF4B-00C04F79EFBC}") = "Services.Interfaces", "Services.Interfaces\Services.Interfaces.csproj", "{085FEF34-7825-4EBB-9866-53296249C843}"
EndProject
Project("{FAE04EC0-301F-11D3-BF4B-00C04F79EFBC}") = "Services.DAL", "Services.DAL\Services.DAL.csproj", "{7D6D822C-D931-4F95-8C81-1C76BE543663}"
EndProject
Project("{FAE04EC0-301F-11D3-BF4B-00C04F79EFBC}") = "WebAPI.Test", "WebAPI.Test\WebAPI.Test.csproj", "{40FF0D7D-A8BC-4F8C-AA61-54D200BE6EDB}"
EndProject
Global
	GlobalSection(SolutionConfigurationPlatforms) = preSolution
		Debug|Any CPU = Debug|Any CPU
		Release|Any CPU = Release|Any CPU
	EndGlobalSection
	GlobalSection(ProjectConfigurationPlatforms) = postSolution
		{12E44F91-0755-4473-B2B9-956CC582B856}.Debug|Any CPU.ActiveCfg = Debug|Any CPU
		{12E44F91-0755-4473-B2B9-956CC582B856}.Debug|Any CPU.Build.0 = Debug|Any CPU
		{12E44F91-0755-4473-B2B9-956CC582B856}.Release|Any CPU.ActiveCfg = Release|Any CPU
		{12E44F91-0755-4473-B2B9-956CC582B856}.Release|Any CPU.Build.0 = Release|Any CPU
		{65029481-2C50-424E-8589-AF78AE888A01}.Debug|Any CPU.ActiveCfg = Debug|Any CPU
		{65029481-2C50-424E-8589-AF78AE888A01}.Debug|Any CPU.Build.0 = Debug|Any CPU
		{65029481-2C50-424E-8589-AF78AE888A01}.Release|Any CPU.ActiveCfg = Release|Any CPU
		{65029481-2C50-424E-8589-AF78AE888A01}.Release|Any CPU.Build.0 = Release|Any CPU
		{5B053439-F30A-4790-8C0B-6995888D5F8E}.Debug|Any CPU.ActiveCfg = Debug|Any CPU
		{5B053439-F30A-4790-8C0B-6995888D5F8E}.Debug|Any CPU.Build.0 = Debug|Any CPU
		{5B053439-F30A-4790-8C0B-6995888D5F8E}.Release|Any CPU.ActiveCfg = Release|Any CPU
		{5B053439-F30A-4790-8C0B-6995888D5F8E}.Release|Any CPU.Build.0 = Release|Any CPU
		{6342AE08-3000-409D-8EA0-9138C3491F71}.Debug|Any CPU.ActiveCfg = Debug|Any CPU
		{6342AE08-3000-409D-8EA0-9138C3491F71}.Debug|Any CPU.Build.0 = Debug|Any CPU
		{6342AE08-3000-409D-8EA0-9138C3491F71}.Release|Any CPU.ActiveCfg = Release|Any CPU
		{6342AE08-3000-409D-8EA0-9138C3491F71}.Release|Any CPU.Build.0 = Release|Any CPU
		{085FEF34-7825-4EBB-9866-53296249C843}.Debug|Any CPU.ActiveCfg = Debug|Any CPU
		{085FEF34-7825-4EBB-9866-53296249C843}.Debug|Any CPU.Build.0 = Debug|Any CPU
		{085FEF34-7825-4EBB-9866-53296249C843}.Release|Any CPU.ActiveCfg = Release|Any CPU
		{085FEF34-7825-4EBB-9866-53296249C843}.Release|Any CPU.Build.0 = Release|Any CPU
		{7D6D822C-D931-4F95-8C81-1C76BE543663}.Debug|Any CPU.ActiveCfg = Debug|Any CPU
		{7D6D822C-D931-4F95-8C81-1C76BE543663}.Debug|Any CPU.Build.0 = Debug|Any CPU
		{7D6D822C-D931-4F95-8C81-1C76BE543663}.Release|Any CPU.ActiveCfg = Release|Any CPU
		{7D6D822C-D931-4F95-8C81-1C76BE543663}.Release|Any CPU.Build.0 = Release|Any CPU
		{40FF0D7D-A8BC-4F8C-AA61-54D200BE6EDB}.Debug|Any CPU.ActiveCfg = Debug|Any CPU
		{40FF0D7D-A8BC-4F8C-AA61-54D200BE6EDB}.Debug|Any CPU.Build.0 = Debug|Any CPU
		{40FF0D7D-A8BC-4F8C-AA61-54D200BE6EDB}.Release|Any CPU.ActiveCfg = Release|Any CPU
		{40FF0D7D-A8BC-4F8C-AA61-54D200BE6EDB}.Release|Any CPU.Build.0 = Release|Any CPU
	EndGlobalSection
	GlobalSection(SolutionProperties) = preSolution
		HideSolutionNode = FALSE
	EndGlobalSection
	GlobalSection(ExtensibilityGlobals) = postSolution
		SolutionGuid = {A665086B-5E97-4723-BB19-5D2BDEADA835}
	EndGlobalSection
EndGlobal
